
Microsoft Visual Studio Solution File, Format Version 12.00
# Visual Studio Version 17
VisualStudioVersion = 17.0.32112.339
MinimumVisualStudioVersion = 10.0.40219.1
Project("{FAE04EC0-301F-11D3-BF4B-00C04F79EFBC}") = "PortugalSRBackend.API", "PortugalSRBackend.API\PortugalSRBackend.API.csproj", "{6E4CBEB1-FD4F-4F3D-AA92-B549CF26B7EF}"
EndProject
Project("{FAE04EC0-301F-11D3-BF4B-00C04F79EFBC}") = "PortugalSRBackend.Application", "PortugalSRBackend.Application\PortugalSRBackend.Application.csproj", "{895109E8-7852-48AF-ADAD-14435162E2F8}"
EndProject
Project("{FAE04EC0-301F-11D3-BF4B-00C04F79EFBC}") = "PortugalSRBackend.Core", "PortugalSRBackend.Core\PortugalSRBackend.Core.csproj", "{C0A297F9-177C-4898-BFFF-76A4F1278155}"
EndProject
Project("{FAE04EC0-301F-11D3-BF4B-00C04F79EFBC}") = "PortugalSRBackend.Domain", "PortugalSRBackend.Domain\PortugalSRBackend.Domain.csproj", "{BADFA607-023E-4517-A10A-85E9B22C4FE5}"
EndProject
Global
	GlobalSection(SolutionConfigurationPlatforms) = preSolution
		Debug|Any CPU = Debug|Any CPU
		Release|Any CPU = Release|Any CPU
	EndGlobalSection
	GlobalSection(ProjectConfigurationPlatforms) = postSolution
		{6E4CBEB1-FD4F-4F3D-AA92-B549CF26B7EF}.Debug|Any CPU.ActiveCfg = Debug|Any CPU
		{6E4CBEB1-FD4F-4F3D-AA92-B549CF26B7EF}.Debug|Any CPU.Build.0 = Debug|Any CPU
		{6E4CBEB1-FD4F-4F3D-AA92-B549CF26B7EF}.Release|Any CPU.ActiveCfg = Release|Any CPU
		{6E4CBEB1-FD4F-4F3D-AA92-B549CF26B7EF}.Release|Any CPU.Build.0 = Release|Any CPU
		{895109E8-7852-48AF-ADAD-14435162E2F8}.Debug|Any CPU.ActiveCfg = Debug|Any CPU
		{895109E8-7852-48AF-ADAD-14435162E2F8}.Debug|Any CPU.Build.0 = Debug|Any CPU
		{895109E8-7852-48AF-ADAD-14435162E2F8}.Release|Any CPU.ActiveCfg = Release|Any CPU
		{895109E8-7852-48AF-ADAD-14435162E2F8}.Release|Any CPU.Build.0 = Release|Any CPU
		{C0A297F9-177C-4898-BFFF-76A4F1278155}.Debug|Any CPU.ActiveCfg = Debug|Any CPU
		{C0A297F9-177C-4898-BFFF-76A4F1278155}.Debug|Any CPU.Build.0 = Debug|Any CPU
		{C0A297F9-177C-4898-BFFF-76A4F1278155}.Release|Any CPU.ActiveCfg = Release|Any CPU
		{C0A297F9-177C-4898-BFFF-76A4F1278155}.Release|Any CPU.Build.0 = Release|Any CPU
		{BADFA607-023E-4517-A10A-85E9B22C4FE5}.Debug|Any CPU.ActiveCfg = Debug|Any CPU
		{BADFA607-023E-4517-A10A-85E9B22C4FE5}.Debug|Any CPU.Build.0 = Debug|Any CPU
		{BADFA607-023E-4517-A10A-85E9B22C4FE5}.Release|Any CPU.ActiveCfg = Release|Any CPU
		{BADFA607-023E-4517-A10A-85E9B22C4FE5}.Release|Any CPU.Build.0 = Release|Any CPU
	EndGlobalSection
	GlobalSection(SolutionProperties) = preSolution
		HideSolutionNode = FALSE
	EndGlobalSection
	GlobalSection(ExtensibilityGlobals) = postSolution
		SolutionGuid = {985A735B-620A-4FC8-8814-6DF35354DB8B}
	EndGlobalSection
EndGlobal
